{
  "name": "v373",
  "lockfileVersion": 2,
  "requires": true,
  "packages": {
    "": {
      "name": "v373",
      "dependencies": {
        "crypto-es": "^2.0.3"
      }
    },
    "node_modules/crypto-es": {
      "version": "2.0.3",
      "resolved": "https://registry.npmmirror.com/crypto-es/-/crypto-es-2.0.3.tgz",
      "integrity": "sha512-/VAp8U1txXXEV8AmXw2J/zBRSc1TheAeN6wikI3J7aX7jl2V9WhH7X+IabAH3PkwqboEAZ47yROSvDCp3/Fgaw=="
    }
  },
  "dependencies": {
    "crypto-es": {
      "version": "2.0.3",
      "resolved": "https://registry.npmmirror.com/crypto-es/-/crypto-es-2.0.3.tgz",
      "integrity": "sha512-/VAp8U1txXXEV8AmXw2J/zBRSc1TheAeN6wikI3J7aX7jl2V9WhH7X+IabAH3PkwqboEAZ47yROSvDCp3/Fgaw=="
    }
  }
}
